
Microsoft Visual Studio Solution File, Format Version 12.00
# Visual Studio Version 17
VisualStudioVersion = 17.0.31903.59
MinimumVisualStudioVersion = 10.0.40219.1
Project("{9A19103F-16F7-4668-BE54-9A1E7A4F7556}") = "z-workshop-server.BLL", "z-workshop-server.BLL\z-workshop-server.BLL.csproj", "{4D0F00E2-F565-4BDF-92F6-5014818D3B44}"
EndProject
Project("{FAE04EC0-301F-11D3-BF4B-00C04F79EFBC}") = "z-workshop-server.DAL", "z-workshop-server.DAL\z-workshop-server.DAL.csproj", "{684EDE03-F3BD-4766-ADBE-1327E731CB47}"
EndProject
Global
	GlobalSection(SolutionConfigurationPlatforms) = preSolution
		Debug|Any CPU = Debug|Any CPU
		Release|Any CPU = Release|Any CPU
	EndGlobalSection
	GlobalSection(ProjectConfigurationPlatforms) = postSolution
		{4D0F00E2-F565-4BDF-92F6-5014818D3B44}.Debug|Any CPU.ActiveCfg = Debug|Any CPU
		{4D0F00E2-F565-4BDF-92F6-5014818D3B44}.Debug|Any CPU.Build.0 = Debug|Any CPU
		{4D0F00E2-F565-4BDF-92F6-5014818D3B44}.Release|Any CPU.ActiveCfg = Release|Any CPU
		{4D0F00E2-F565-4BDF-92F6-5014818D3B44}.Release|Any CPU.Build.0 = Release|Any CPU
		{684EDE03-F3BD-4766-ADBE-1327E731CB47}.Debug|Any CPU.ActiveCfg = Debug|Any CPU
		{684EDE03-F3BD-4766-ADBE-1327E731CB47}.Debug|Any CPU.Build.0 = Debug|Any CPU
		{684EDE03-F3BD-4766-ADBE-1327E731CB47}.Release|Any CPU.ActiveCfg = Release|Any CPU
		{684EDE03-F3BD-4766-ADBE-1327E731CB47}.Release|Any CPU.Build.0 = Release|Any CPU
	EndGlobalSection
	GlobalSection(SolutionProperties) = preSolution
		HideSolutionNode = FALSE
	EndGlobalSection
EndGlobal
